
Microsoft Visual Studio Solution File, Format Version 12.00
# Visual Studio 14
VisualStudioVersion = 14.0.25123.0
MinimumVisualStudioVersion = 10.0.40219.1
Project("{FAE04EC0-301F-11D3-BF4B-00C04F79EFBC}") = "PuzzleCreatorConsole", "PuzzleCreatorConsole\PuzzleCreatorConsole.csproj", "{F0E2A515-BF08-4242-AF59-619FDB5AEC5F}"
EndProject
Project("{FAE04EC0-301F-11D3-BF4B-00C04F79EFBC}") = "PgnFileTools", "PgnFileTools\PgnFileTools.csproj", "{3346260B-462A-4207-8390-97907E50B4D1}"
EndProject
Project("{FAE04EC0-301F-11D3-BF4B-00C04F79EFBC}") = "ZhTools", "ZhTools\ZhTools.csproj", "{537C95E2-EB09-49CA-93D5-3A81C41F2823}"
EndProject
Global
	GlobalSection(SolutionConfigurationPlatforms) = preSolution
		Debug|Any CPU = Debug|Any CPU
		Release|Any CPU = Release|Any CPU
	EndGlobalSection
	GlobalSection(ProjectConfigurationPlatforms) = postSolution
		{F0E2A515-BF08-4242-AF59-619FDB5AEC5F}.Debug|Any CPU.ActiveCfg = Debug|Any CPU
		{F0E2A515-BF08-4242-AF59-619FDB5AEC5F}.Debug|Any CPU.Build.0 = Debug|Any CPU
		{F0E2A515-BF08-4242-AF59-619FDB5AEC5F}.Release|Any CPU.ActiveCfg = Release|Any CPU
		{F0E2A515-BF08-4242-AF59-619FDB5AEC5F}.Release|Any CPU.Build.0 = Release|Any CPU
		{3346260B-462A-4207-8390-97907E50B4D1}.Debug|Any CPU.ActiveCfg = Debug|Any CPU
		{3346260B-462A-4207-8390-97907E50B4D1}.Debug|Any CPU.Build.0 = Debug|Any CPU
		{3346260B-462A-4207-8390-97907E50B4D1}.Release|Any CPU.ActiveCfg = Release|Any CPU
		{3346260B-462A-4207-8390-97907E50B4D1}.Release|Any CPU.Build.0 = Release|Any CPU
		{537C95E2-EB09-49CA-93D5-3A81C41F2823}.Debug|Any CPU.ActiveCfg = Debug|Any CPU
		{537C95E2-EB09-49CA-93D5-3A81C41F2823}.Debug|Any CPU.Build.0 = Debug|Any CPU
		{537C95E2-EB09-49CA-93D5-3A81C41F2823}.Release|Any CPU.ActiveCfg = Release|Any CPU
		{537C95E2-EB09-49CA-93D5-3A81C41F2823}.Release|Any CPU.Build.0 = Release|Any CPU
	EndGlobalSection
	GlobalSection(SolutionProperties) = preSolution
		HideSolutionNode = FALSE
	EndGlobalSection
EndGlobal
